
Microsoft Visual Studio Solution File, Format Version 12.00
# Visual Studio 15
VisualStudioVersion = 15.0.27004.2008
MinimumVisualStudioVersion = 10.0.40219.1
Project("{FAE04EC0-301F-11D3-BF4B-00C04F79EFBC}") = "ProjectProduct", "ProjectProduct\ProjectProduct.csproj", "{94F0F860-CEEF-4CD6-84FF-C1FF6D85A91E}"
EndProject
Global
	GlobalSection(SolutionConfigurationPlatforms) = preSolution
		Debug|Any CPU = Debug|Any CPU
		Release|Any CPU = Release|Any CPU
	EndGlobalSection
	GlobalSection(ProjectConfigurationPlatforms) = postSolution
		{94F0F860-CEEF-4CD6-84FF-C1FF6D85A91E}.Debug|Any CPU.ActiveCfg = Debug|Any CPU
		{94F0F860-CEEF-4CD6-84FF-C1FF6D85A91E}.Debug|Any CPU.Build.0 = Debug|Any CPU
		{94F0F860-CEEF-4CD6-84FF-C1FF6D85A91E}.Release|Any CPU.ActiveCfg = Release|Any CPU
		{94F0F860-CEEF-4CD6-84FF-C1FF6D85A91E}.Release|Any CPU.Build.0 = Release|Any CPU
	EndGlobalSection
	GlobalSection(SolutionProperties) = preSolution
		HideSolutionNode = FALSE
	EndGlobalSection
	GlobalSection(ExtensibilityGlobals) = postSolution
		SolutionGuid = {8F592265-D2C8-411D-AFE9-98B658E8BF03}
	EndGlobalSection
EndGlobal
